
Microsoft Visual Studio Solution File, Format Version 12.00
# Visual Studio Version 17
VisualStudioVersion = 17.0.31903.59
MinimumVisualStudioVersion = 10.0.40219.1
Project("{2150E333-8FDC-42A3-9474-1A3956D46DE8}") = "src", "src", "{1D3A8F70-DAE2-47C9-B652-CDE8A61E5972}"
EndProject
Project("{FAE04EC0-301F-11D3-BF4B-00C04F79EFBC}") = "MyCleanArch.API", "src\MyCleanArch.API\MyCleanArch.API.csproj", "{3BEB9D13-626A-452C-88E7-B2811C61F99A}"
EndProject
Project("{FAE04EC0-301F-11D3-BF4B-00C04F79EFBC}") = "MyCleanArch.Application", "src\MyCleanArch.Application\MyCleanArch.Application.csproj", "{F5F69E31-1CB8-4567-AF75-153136C0EFC1}"
EndProject
Project("{FAE04EC0-301F-11D3-BF4B-00C04F79EFBC}") = "MyCleanArch.CrossCutting", "src\MyCleanArch.CrossCutting\MyCleanArch.CrossCutting.csproj", "{B13C4E38-82FB-4864-AE28-929433951F6A}"
EndProject
Project("{FAE04EC0-301F-11D3-BF4B-00C04F79EFBC}") = "MyCleanArch.Domain", "src\MyCleanArch.Domain\MyCleanArch.Domain.csproj", "{1BFA123C-CE7C-45E1-92A7-089A0829DA10}"
EndProject
Project("{FAE04EC0-301F-11D3-BF4B-00C04F79EFBC}") = "MyCleanArch.Infrastructure", "src\MyCleanArch.Infrastructure\MyCleanArch.Infrastructure.csproj", "{18D21EF3-1BC5-4D8F-8D4E-E6358BF77428}"
EndProject
Global
	GlobalSection(SolutionConfigurationPlatforms) = preSolution
		Debug|Any CPU = Debug|Any CPU
		Release|Any CPU = Release|Any CPU
	EndGlobalSection
	GlobalSection(SolutionProperties) = preSolution
		HideSolutionNode = FALSE
	EndGlobalSection
	GlobalSection(ProjectConfigurationPlatforms) = postSolution
		{3BEB9D13-626A-452C-88E7-B2811C61F99A}.Debug|Any CPU.ActiveCfg = Debug|Any CPU
		{3BEB9D13-626A-452C-88E7-B2811C61F99A}.Debug|Any CPU.Build.0 = Debug|Any CPU
		{3BEB9D13-626A-452C-88E7-B2811C61F99A}.Release|Any CPU.ActiveCfg = Release|Any CPU
		{3BEB9D13-626A-452C-88E7-B2811C61F99A}.Release|Any CPU.Build.0 = Release|Any CPU
		{F5F69E31-1CB8-4567-AF75-153136C0EFC1}.Debug|Any CPU.ActiveCfg = Debug|Any CPU
		{F5F69E31-1CB8-4567-AF75-153136C0EFC1}.Debug|Any CPU.Build.0 = Debug|Any CPU
		{F5F69E31-1CB8-4567-AF75-153136C0EFC1}.Release|Any CPU.ActiveCfg = Release|Any CPU
		{F5F69E31-1CB8-4567-AF75-153136C0EFC1}.Release|Any CPU.Build.0 = Release|Any CPU
		{B13C4E38-82FB-4864-AE28-929433951F6A}.Debug|Any CPU.ActiveCfg = Debug|Any CPU
		{B13C4E38-82FB-4864-AE28-929433951F6A}.Debug|Any CPU.Build.0 = Debug|Any CPU
		{B13C4E38-82FB-4864-AE28-929433951F6A}.Release|Any CPU.ActiveCfg = Release|Any CPU
		{B13C4E38-82FB-4864-AE28-929433951F6A}.Release|Any CPU.Build.0 = Release|Any CPU
		{1BFA123C-CE7C-45E1-92A7-089A0829DA10}.Debug|Any CPU.ActiveCfg = Debug|Any CPU
		{1BFA123C-CE7C-45E1-92A7-089A0829DA10}.Debug|Any CPU.Build.0 = Debug|Any CPU
		{1BFA123C-CE7C-45E1-92A7-089A0829DA10}.Release|Any CPU.ActiveCfg = Release|Any CPU
		{1BFA123C-CE7C-45E1-92A7-089A0829DA10}.Release|Any CPU.Build.0 = Release|Any CPU
		{18D21EF3-1BC5-4D8F-8D4E-E6358BF77428}.Debug|Any CPU.ActiveCfg = Debug|Any CPU
		{18D21EF3-1BC5-4D8F-8D4E-E6358BF77428}.Debug|Any CPU.Build.0 = Debug|Any CPU
		{18D21EF3-1BC5-4D8F-8D4E-E6358BF77428}.Release|Any CPU.ActiveCfg = Release|Any CPU
		{18D21EF3-1BC5-4D8F-8D4E-E6358BF77428}.Release|Any CPU.Build.0 = Release|Any CPU
	EndGlobalSection
	GlobalSection(NestedProjects) = preSolution
		{3BEB9D13-626A-452C-88E7-B2811C61F99A} = {1D3A8F70-DAE2-47C9-B652-CDE8A61E5972}
		{F5F69E31-1CB8-4567-AF75-153136C0EFC1} = {1D3A8F70-DAE2-47C9-B652-CDE8A61E5972}
		{B13C4E38-82FB-4864-AE28-929433951F6A} = {1D3A8F70-DAE2-47C9-B652-CDE8A61E5972}
		{1BFA123C-CE7C-45E1-92A7-089A0829DA10} = {1D3A8F70-DAE2-47C9-B652-CDE8A61E5972}
		{18D21EF3-1BC5-4D8F-8D4E-E6358BF77428} = {1D3A8F70-DAE2-47C9-B652-CDE8A61E5972}
	EndGlobalSection
EndGlobal
